Microsoft Visual Studio Solution File, Format Version 12.00
# Visual Studio Version 17
VisualStudioVersion = 17.0.31903.59
MinimumVisualStudioVersion = 10.0.40219.1
Project("{2150E333-8FDC-42A3-9474-1A3956D46DE8}") = "src", "src", "{7FE5EE6C-5C24-4A67-9E44-9394CFCC9E40}"
EndProject
Project("{9A19103F-16F7-4668-BE54-9A1E7A4F7556}") = "EntityFrameworkCore.AuditInterceptor", "src\EntityFrameworkCore.AuditInterceptor\EntityFrameworkCore.AuditInterceptor.csproj", "{4C91E1E7-C5C3-4E95-8E0C-9E3962F1C0F6}"
EndProject
Project("{9A19103F-16F7-4668-BE54-9A1E7A4F7556}") = "EntityFrameworkCore.AuditInterceptor.Web", "src\EntityFrameworkCore.AuditInterceptor.Web\EntityFrameworkCore.AuditInterceptor.Web.csproj", "{4C91E1E7-C5C3-4E95-8E0C-9E3962F1C0F7}"
EndProject
Project("{2150E333-8FDC-42A3-9474-1A3956D46DE8}") = "test", "test", "{9C14ADCE-B73F-4B06-A5A9-2D0B4B5F4D9A}"
EndProject
Project("{9A19103F-16F7-4668-BE54-9A1E7A4F7556}") = "EntityFrameworkCore.AuditInterceptor.Tests", "test\EntityFrameworkCore.AuditInterceptor.Tests\EntityFrameworkCore.AuditInterceptor.Tests.csproj", "{4C91E1E7-C5C3-4E95-8E0C-9E3962F1C0F8}"
EndProject
Global
	GlobalSection(SolutionConfigurationPlatforms) = preSolution
		Debug|Any CPU = Debug|Any CPU
		Release|Any CPU = Release|Any CPU
	EndGlobalSection
	GlobalSection(ProjectConfigurationPlatforms) = postSolution
		{4C91E1E7-C5C3-4E95-8E0C-9E3962F1C0F6}.Debug|Any CPU.ActiveCfg = Debug|Any CPU
		{4C91E1E7-C5C3-4E95-8E0C-9E3962F1C0F6}.Debug|Any CPU.Build.0 = Debug|Any CPU
		{4C91E1E7-C5C3-4E95-8E0C-9E3962F1C0F6}.Release|Any CPU.ActiveCfg = Release|Any CPU
		{4C91E1E7-C5C3-4E95-8E0C-9E3962F1C0F6}.Release|Any CPU.Build.0 = Release|Any CPU
		{4C91E1E7-C5C3-4E95-8E0C-9E3962F1C0F7}.Debug|Any CPU.ActiveCfg = Debug|Any CPU
		{4C91E1E7-C5C3-4E95-8E0C-9E3962F1C0F7}.Debug|Any CPU.Build.0 = Debug|Any CPU
		{4C91E1E7-C5C3-4E95-8E0C-9E3962F1C0F7}.Release|Any CPU.ActiveCfg = Release|Any CPU
		{4C91E1E7-C5C3-4E95-8E0C-9E3962F1C0F7}.Release|Any CPU.Build.0 = Release|Any CPU
		{4C91E1E7-C5C3-4E95-8E0C-9E3962F1C0F8}.Debug|Any CPU.ActiveCfg = Debug|Any CPU
		{4C91E1E7-C5C3-4E95-8E0C-9E3962F1C0F8}.Debug|Any CPU.Build.0 = Debug|Any CPU
		{4C91E1E7-C5C3-4E95-8E0C-9E3962F1C0F8}.Release|Any CPU.ActiveCfg = Release|Any CPU
		{4C91E1E7-C5C3-4E95-8E0C-9E3962F1C0F8}.Release|Any CPU.Build.0 = Release|Any CPU
	EndGlobalSection
	GlobalSection(SolutionProperties) = preSolution
		HideSolutionNode = FALSE
	EndGlobalSection
	GlobalSection(NestedProjects) = preSolution
		{4C91E1E7-C5C3-4E95-8E0C-9E3962F1C0F6} = {7FE5EE6C-5C24-4A67-9E44-9394CFCC9E40}
		{4C91E1E7-C5C3-4E95-8E0C-9E3962F1C0F7} = {7FE5EE6C-5C24-4A67-9E44-9394CFCC9E40}
		{4C91E1E7-C5C3-4E95-8E0C-9E3962F1C0F8} = {9C14ADCE-B73F-4B06-A5A9-2D0B4B5F4D9A}
	EndGlobalSection
	GlobalSection(ExtensibilityGlobals) = postSolution
		SolutionGuid = {25A6B9F1-1F5C-4C78-B36E-3D5ADFD32A32}
	EndGlobalSection
EndGlobal
